
Microsoft Visual Studio Solution File, Format Version 12.00
# Visual Studio Version 16
VisualStudioVersion = 16.0.30611.23
MinimumVisualStudioVersion = 10.0.40219.1
Project("{9A19103F-16F7-4668-BE54-9A1E7A4F7556}") = "CleanArchMvc.Domain", "CleanArchMvc.Domain\CleanArchMvc.Domain.csproj", "{10C09E23-A988-4CC0-AE57-78AFDFC95DE6}"
EndProject
Project("{9A19103F-16F7-4668-BE54-9A1E7A4F7556}") = "CleanArchMvc.Application", "CleanArchMvc.Application\CleanArchMvc.Application.csproj", "{3599E327-536B-42DF-9E25-87FCAC8E307A}"
EndProject
Project("{9A19103F-16F7-4668-BE54-9A1E7A4F7556}") = "CleanArchMvc.Infra.Data", "CleanArchMvc.Infra.Data\CleanArchMvc.Infra.Data.csproj", "{29E1F28E-5958-4270-BBDF-2BD50A83AC74}"
EndProject
Project("{9A19103F-16F7-4668-BE54-9A1E7A4F7556}") = "CleanArchMvc.Infra.IoC", "CleanArchMvc.Infra.IoC\CleanArchMvc.Infra.IoC.csproj", "{FAAEFA27-BF00-4910-AF5E-FDF96268E7F6}"
EndProject
Project("{9A19103F-16F7-4668-BE54-9A1E7A4F7556}") = "CleanArchMvc.WebUI", "CleanArchMvc.WebUI\CleanArchMvc.WebUI.csproj", "{17F45D13-BBFC-4569-AFBB-5F67167FD933}"
EndProject
Project("{FAE04EC0-301F-11D3-BF4B-00C04F79EFBC}") = "CleanArchMvc.Domain.Tests", "CleanArchMvc.Domain.Tests\CleanArchMvc.Domain.Tests.csproj", "{DB414B09-77D5-4116-A9CF-92D1213FE58F}"
EndProject
Global
	GlobalSection(SolutionConfigurationPlatforms) = preSolution
		Debug|Any CPU = Debug|Any CPU
		Release|Any CPU = Release|Any CPU
	EndGlobalSection
	GlobalSection(ProjectConfigurationPlatforms) = postSolution
		{10C09E23-A988-4CC0-AE57-78AFDFC95DE6}.Debug|Any CPU.ActiveCfg = Debug|Any CPU
		{10C09E23-A988-4CC0-AE57-78AFDFC95DE6}.Debug|Any CPU.Build.0 = Debug|Any CPU
		{10C09E23-A988-4CC0-AE57-78AFDFC95DE6}.Release|Any CPU.ActiveCfg = Release|Any CPU
		{10C09E23-A988-4CC0-AE57-78AFDFC95DE6}.Release|Any CPU.Build.0 = Release|Any CPU
		{3599E327-536B-42DF-9E25-87FCAC8E307A}.Debug|Any CPU.ActiveCfg = Debug|Any CPU
		{3599E327-536B-42DF-9E25-87FCAC8E307A}.Debug|Any CPU.Build.0 = Debug|Any CPU
		{3599E327-536B-42DF-9E25-87FCAC8E307A}.Release|Any CPU.ActiveCfg = Release|Any CPU
		{3599E327-536B-42DF-9E25-87FCAC8E307A}.Release|Any CPU.Build.0 = Release|Any CPU
		{29E1F28E-5958-4270-BBDF-2BD50A83AC74}.Debug|Any CPU.ActiveCfg = Debug|Any CPU
		{29E1F28E-5958-4270-BBDF-2BD50A83AC74}.Debug|Any CPU.Build.0 = Debug|Any CPU
		{29E1F28E-5958-4270-BBDF-2BD50A83AC74}.Release|Any CPU.ActiveCfg = Release|Any CPU
		{29E1F28E-5958-4270-BBDF-2BD50A83AC74}.Release|Any CPU.Build.0 = Release|Any CPU
		{FAAEFA27-BF00-4910-AF5E-FDF96268E7F6}.Debug|Any CPU.ActiveCfg = Debug|Any CPU
		{FAAEFA27-BF00-4910-AF5E-FDF96268E7F6}.Debug|Any CPU.Build.0 = Debug|Any CPU
		{FAAEFA27-BF00-4910-AF5E-FDF96268E7F6}.Release|Any CPU.ActiveCfg = Release|Any CPU
		{FAAEFA27-BF00-4910-AF5E-FDF96268E7F6}.Release|Any CPU.Build.0 = Release|Any CPU
		{17F45D13-BBFC-4569-AFBB-5F67167FD933}.Debug|Any CPU.ActiveCfg = Debug|Any CPU
		{17F45D13-BBFC-4569-AFBB-5F67167FD933}.Debug|Any CPU.Build.0 = Debug|Any CPU
		{17F45D13-BBFC-4569-AFBB-5F67167FD933}.Release|Any CPU.ActiveCfg = Release|Any CPU
		{17F45D13-BBFC-4569-AFBB-5F67167FD933}.Release|Any CPU.Build.0 = Release|Any CPU
		{DB414B09-77D5-4116-A9CF-92D1213FE58F}.Debug|Any CPU.ActiveCfg = Debug|Any CPU
		{DB414B09-77D5-4116-A9CF-92D1213FE58F}.Debug|Any CPU.Build.0 = Debug|Any CPU
		{DB414B09-77D5-4116-A9CF-92D1213FE58F}.Release|Any CPU.ActiveCfg = Release|Any CPU
		{DB414B09-77D5-4116-A9CF-92D1213FE58F}.Release|Any CPU.Build.0 = Release|Any CPU
	EndGlobalSection
	GlobalSection(SolutionProperties) = preSolution
		HideSolutionNode = FALSE
	EndGlobalSection
	GlobalSection(ExtensibilityGlobals) = postSolution
		SolutionGuid = {653363AC-03BC-4351-9461-1905A2565686}
	EndGlobalSection
EndGlobal
